{
  "requires": true,
  "lockfileVersion": 1,
  "dependencies": {
    "bean": {
      "version": "1.0.15",
      "resolved": "https://registry.npmjs.org/bean/-/bean-1.0.15.tgz",
      "integrity": "sha1-tKn/+CYYsHFHFnbIsZCGgEjDR3U="
    },
    "coffee-script": {
      "version": "1.6.3",
      "resolved": "https://registry.npmjs.org/coffee-script/-/coffee-script-1.6.3.tgz",
      "integrity": "sha1-Y1XTLPGwTN/2tITl5xF4Ky8MOb4="
    },
    "coffeeify": {
      "version": "0.5.2",
      "resolved": "https://registry.npmjs.org/coffeeify/-/coffeeify-0.5.2.tgz",
      "integrity": "sha1-Eg1KOAMcdJIA1bHvFqcSRIe2LRk=",
      "requires": {
        "coffee-script": "~1.6.2",
        "convert-source-map": "~0.2.3",
        "through": "~2.3.4"
      }
    },
    "convert-source-map": {
      "version": "0.2.6",
      "resolved": "https://registry.npmjs.org/convert-source-map/-/convert-source-map-0.2.6.tgz",
      "integrity": "sha1-rg7XNuimNEpYtQqJRyPeXIUd4tQ="
    },
    "koji": {
      "version": "0.1.3",
      "resolved": "https://registry.npmjs.org/koji/-/koji-0.1.3.tgz",
      "integrity": "sha1-tNZ9AaNTJqYvDc/YYKTqip0ey7c=",
      "requires": {
        "bean": "~1.0.4",
        "coffeeify": "~0.5.2",
        "mustache": "~0.7.3"
      }
    },
    "mustache": {
      "version": "0.7.3",
      "resolved": "https://registry.npmjs.org/mustache/-/mustache-0.7.3.tgz",
      "integrity": "sha1-JI1o0LEFA5eEj6Y0wkRsGPMEkOk="
    },
    "through": {
      "version": "2.3.8",
      "resolved": "https://registry.npmjs.org/through/-/through-2.3.8.tgz",
      "integrity": "sha1-DdTJ/6q8NXlgsbckEV1+Doai4fU="
    }
  }
}
